{
  "name": "src",
  "version": "1.0.0",
  "lockfileVersion": 1,
  "requires": true,
  "dependencies": {
    "@azure/functions": {
      "version": "1.0.3",
      "resolved": "https://registry.npmjs.org/@azure/functions/-/functions-1.0.3.tgz",
      "integrity": "sha512-/D+sz6LgWT+A6RRW2zhwlwhKqqDSxL6HCF1Q1lN0iXolD2FfNFZpzrOxGyGYEEXp/5Dtjp12bcRTBhMH1cBi2Q==",
      "dev": true
    },
    "@types/moment-timezone": {
      "version": "0.5.12",
      "resolved": "https://registry.npmjs.org/@types/moment-timezone/-/moment-timezone-0.5.12.tgz",
      "integrity": "sha512-hnHH2+Efg2vExr/dSz+IX860nSiyk9Sk4pJF2EmS11lRpMcNXeB4KBW5xcgw2QPsb9amTXdsVNEe5IoJXiT0uw==",
      "dev": true,
      "requires": {
        "moment": ">=2.14.0"
      }
    },
    "moment": {
      "version": "2.24.0",
      "resolved": "https://registry.npmjs.org/moment/-/moment-2.24.0.tgz",
      "integrity": "sha512-bV7f+6l2QigeBBZSM/6yTNq4P2fNpSWj/0e7jQcy87A8e7o2nAfP/34/2ky5Vw4B9S446EtIhodAzkFCcR4dQg=="
    },
    "moment-timezone": {
      "version": "0.5.27",
      "resolved": "https://registry.npmjs.org/moment-timezone/-/moment-timezone-0.5.27.tgz",
      "integrity": "sha512-EIKQs7h5sAsjhPCqN6ggx6cEbs94GK050254TIJySD1bzoM5JTYDwAU1IoVOeTOL6Gm27kYJ51/uuvq1kIlrbw==",
      "requires": {
        "moment": ">= 2.9.0"
      }
    },
    "typescript": {
      "version": "3.7.3",
      "resolved": "https://registry.npmjs.org/typescript/-/typescript-3.7.3.tgz",
      "integrity": "sha512-Mcr/Qk7hXqFBXMN7p7Lusj1ktCBydylfQM/FZCk5glCNQJrCUKPkMHdo9R0MTFWsC/4kPFvDS0fDPvukfCkFsw==",
      "dev": true
    }
  }
}
